{
  "version": 4,
  "terraform_version": "1.9.2",
  "serial": 95,
  "lineage": "4efc823b-a1d9-3066-6497-43a54a8f352a",
  "outputs": {},
  "resources": [
    {
      "mode": "managed",
      "type": "azurerm_linux_virtual_machine",
      "name": "vm1",
      "provider": "provider[\"registry.terraform.io/hashicorp/azurerm\"]",
      "instances": [
        {
          "schema_version": 0,
          "attributes": {
            "additional_capabilities": [],
            "admin_password": "Igor123.",
            "admin_ssh_key": [],
            "admin_username": "igorbeltrao",
            "allow_extension_operations": true,
            "availability_set_id": "",
            "boot_diagnostics": [],
            "bypass_platform_safety_checks_on_user_schedule_enabled": false,
            "capacity_reservation_group_id": "",
            "computer_name": "vm-lnx1",
            "custom_data": "IyEvYmluL2Jhc2gKIyNAQEBACiMjIFNjcmlwIGNhaSBkYXQgZG9ja2VyLCBkb2NrZXItY29tcG9zZSB0cmVuIENlbnRPUyA3CiMjIENhY2ggdGh1YyBoaWVuIAojIyMgeXVtIGluc3RhbGwgd2dldCAteQojIyMgd2dldCBodHRwczovL3Jhdy5naXRodWJ1c2VyY29udGVudC5jb20vbmhhbmhvYWRvY3Mvc2NyaXB0cy9tYXN0ZXIvVXRpbGl0aWVzL2luc3RhbGxfZG9ja2VyLnNoCiMjIyBjaG1vZCAreCBpbnN0YWxsX2RvY2tlci5zaAojIyMgYmFzaCBpbnN0YWxsX2RvY2tlci5zaAojI0BAQEAKCmVjaG8gIkNhaSBkYXQgY2FjIHBoYW0gbWVtIHRpZW4gaWNoIgpzbGVlcCAzCnl1bSB1cGRhdGUgLXkKeXVtIGluc3RhbGwgLXkgeXVtLXV0aWxzIGRldmljZS1tYXBwZXItcGVyc2lzdGVudC1kYXRhIGx2bTIgd2dldAp5dW0tY29uZmlnLW1hbmFnZXIgLS1hZGQtcmVwbyBodHRwczovL2Rvd25sb2FkLmRvY2tlci5jb20vbGludXgvY2VudG9zL2RvY2tlci1jZS5yZXBvCgplY2hvICJDYWkgZGF0IGNvbnRhaW5lciIKc2xlZXAgMwp5dW0gaW5zdGFsbCAteSBkb2NrZXItY2UgZG9ja2VyLWNlLWNsaSBjb250YWluZXJkLmlvCgplY2hvICJLaG9pIGRvbmcgZG9ja2VyIgpzbGVlcCAzCgpzeXN0ZW1jdGwgc3RhcnQgZG9ja2VyIApzeXN0ZW1jdGwgZW5hYmxlIGRvY2tlciAKCmVjaG8gIlBoaWVuIGJhbiBkb2NrZXIgZGEgY2FpIGRhdCIKZG9ja2VyIC0tdmVyc2lvbgoKZWNobyAiQ2FpIGRhdCBkb2NrZXItY29tcG9zZSIKc3VkbyBjdXJsIC1MICJodHRwczovL2dpdGh1Yi5jb20vZG9ja2VyL2NvbXBvc2UvcmVsZWFzZXMvZG93bmxvYWQvMS4yNC4xL2RvY2tlci1jb21wb3NlLSQodW5hbWUgLXMpLSQodW5hbWUgLW0pIiAtbyAvdXNyL2xvY2FsL2Jpbi9kb2NrZXItY29tcG9zZQpzdWRvIGNobW9kICt4IC91c3IvbG9jYWwvYmluL2RvY2tlci1jb21wb3NlCnN1ZG8gbG4gLXMgL3Vzci9sb2NhbC9iaW4vZG9ja2VyLWNvbXBvc2UgL3Vzci9iaW4vZG9ja2VyLWNvbXBvc2UKCmVjaG8gIktpZW0gdHJhIHBoaWVuIGJhbiBkb2NrZXItY29tcG9zZSIKc2xlZXAgMwpkb2NrZXItY29tcG9zZSAtdgoKZWNobyAiSS5BLk9LIgoKIyBTdWJpciBvIGNvbnRhaW5lciBkbyBNeVNRTApzdWRvIGRvY2tlciBydW4gLS1uYW1lIG15c3FsIFwKICAtZSBNWVNRTF9ST09UX1BBU1NXT1JEPXJvb3QgXAogIC1lIE1ZU1FMX0RBVEFCQVNFPW1pbnNhaXRkYXRhYmFzZSBcCiAgLWUgTVlTUUxfVVNFUj1pZ29ybWluc2FpdGVyIFwKICAtZSBNWVNRTF9QQVNTV09SRD1taW5zYWl0MTIzIFwKICAtcCAzMzA2OjMzMDYgXAogIC1kIG15c3FsOjUuNwoKIyBFc3BlcmFyIGF0w6kgcXVlIG8gTXlTUUwgZXN0ZWphIHByb250bwplY2hvICJFc3BlcmFuZG8gbyBNeVNRTCBpbmljaWFsaXphci4uLiIKdW50aWwgc3VkbyBkb2NrZXIgZXhlYyBteXNxbCBteXNxbGFkbWluIHBpbmcgLS1zaWxlbnQ7IGRvCiAgc2xlZXAgNQpkb25lCgojIFN1YmlyIG8gY29udGFpbmVyIGRvIFdvcmRQcmVzcwpzdWRvIGRvY2tlciBydW4gLS1uYW1lIHdvcmRwcmVzcyBcCiAgLS1saW5rIG15c3FsOm15c3FsIFwKICAtZSBXT1JEUFJFU1NfREJfSE9TVD1teXNxbCBcCiAgLWUgV09SRFBSRVNTX0RCX1VTRVI9aWdvcm1pbnNhaXRlciBcCiAgLWUgV09SRFBSRVNTX0RCX1BBU1NXT1JEPW1pbnNhaXQxMjMgXAogIC1lIFdPUkRQUkVTU19EQl9OQU1FPW1pbnNhaXRkYXRhYmFzZSBcCiAgLXAgODA6ODAgXAogIC1kIHdvcmRwcmVzcwo=",
            "dedicated_host_group_id": "",
            "dedicated_host_id": "",
            "disable_password_authentication": false,
            "disk_controller_type": "",
            "edge_zone": "",
            "encryption_at_host_enabled": false,
            "eviction_policy": "",
            "extensions_time_budget": "PT1H30M",
            "gallery_application": [],
            "id": "/subscriptions/d60869a4-5d4a-4ff5-88a1-01c2f0e2f51d/resourceGroups/rg-igorminsait/providers/Microsoft.Compute/virtualMachines/vm-lnx1",
            "identity": [],
            "license_type": "",
            "location": "eastus2",
            "max_bid_price": -1,
            "name": "vm-lnx1",
            "network_interface_ids": [
              "/subscriptions/d60869a4-5d4a-4ff5-88a1-01c2f0e2f51d/resourceGroups/rg-igorminsait/providers/Microsoft.Network/networkInterfaces/nic-vm-lnx1"
            ],
            "os_disk": [
              {
                "caching": "ReadWrite",
                "diff_disk_settings": [],
                "disk_encryption_set_id": "",
                "disk_size_gb": 30,
                "name": "vm-lnx1_OsDisk_1_fefe849b517b492b9403f17ccc8cd09a",
                "secure_vm_disk_encryption_set_id": "",
                "security_encryption_type": "",
                "storage_account_type": "Standard_LRS",
                "write_accelerator_enabled": false
              }
            ],
            "os_image_notification": [],
            "patch_assessment_mode": "ImageDefault",
            "patch_mode": "ImageDefault",
            "plan": [],
            "platform_fault_domain": -1,
            "priority": "Regular",
            "private_ip_address": "10.0.1.4",
            "private_ip_addresses": [
              "10.0.1.4"
            ],
            "provision_vm_agent": true,
            "proximity_placement_group_id": "",
            "public_ip_address": "20.15.117.201",
            "public_ip_addresses": [
              "20.15.117.201"
            ],
            "reboot_setting": "",
            "resource_group_name": "rg-igorminsait",
            "secret": [],
            "secure_boot_enabled": false,
            "size": "Standard_F2",
            "source_image_id": "",
            "source_image_reference": [
              {
                "offer": "0001-com-ubuntu-server-jammy",
                "publisher": "Canonical",
                "sku": "22_04-lts",
                "version": "latest"
              }
            ],
            "tags": {
              "environment": "Terraform"
            },
            "termination_notification": [],
            "timeouts": null,
            "user_data": "",
            "virtual_machine_id": "ee28d684-482d-4bee-a5a4-94b6f760ec76",
            "virtual_machine_scale_set_id": "",
            "vm_agent_platform_updates_enabled": false,
            "vtpm_enabled": false,
            "zone": ""
          },
          "sensitive_attributes": [
            [
              {
                "type": "get_attr",
                "value": "custom_data"
              }
            ],
            [
              {
                "type": "get_attr",
                "value": "admin_password"
              }
            ]
          ],
          "private": "eyJlMmJmYjczMC1lY2FhLTExZTYtOGY4OC0zNDM2M2JjN2M0YzAiOnsiY3JlYXRlIjoyNzAwMDAwMDAwMDAwLCJkZWxldGUiOjI3MDAwMDAwMDAwMDAsInJlYWQiOjMwMDAwMDAwMDAwMCwidXBkYXRlIjoyNzAwMDAwMDAwMDAwfX0=",
          "dependencies": [
            "azurerm_network_interface.vnic",
            "azurerm_public_ip.pip",
            "azurerm_resource_group.rg",
            "azurerm_subnet.subnet",
            "azurerm_virtual_network.vnet"
          ]
        }
      ]
    },
    {
      "mode": "managed",
      "type": "azurerm_network_interface",
      "name": "vnic",
      "provider": "provider[\"registry.terraform.io/hashicorp/azurerm\"]",
      "instances": [
        {
          "schema_version": 0,
          "attributes": {
            "accelerated_networking_enabled": false,
            "applied_dns_servers": [],
            "auxiliary_mode": "",
            "auxiliary_sku": "",
            "dns_servers": [],
            "edge_zone": "",
            "enable_accelerated_networking": false,
            "enable_ip_forwarding": false,
            "id": "/subscriptions/d60869a4-5d4a-4ff5-88a1-01c2f0e2f51d/resourceGroups/rg-igorminsait/providers/Microsoft.Network/networkInterfaces/nic-vm-lnx1",
            "internal_dns_name_label": "",
            "internal_domain_name_suffix": "rc1pm3ocnlaefaysxc20rkqjub.cx.internal.cloudapp.net",
            "ip_configuration": [
              {
                "gateway_load_balancer_frontend_ip_configuration_id": "",
                "name": "internal",
                "primary": true,
                "private_ip_address": "10.0.1.4",
                "private_ip_address_allocation": "Dynamic",
                "private_ip_address_version": "IPv4",
                "public_ip_address_id": "/subscriptions/d60869a4-5d4a-4ff5-88a1-01c2f0e2f51d/resourceGroups/rg-igorminsait/providers/Microsoft.Network/publicIPAddresses/pip-vmwin01",
                "subnet_id": "/subscriptions/d60869a4-5d4a-4ff5-88a1-01c2f0e2f51d/resourceGroups/rg-igorminsait/providers/Microsoft.Network/virtualNetworks/vnet/subnets/subnet"
              }
            ],
            "ip_forwarding_enabled": false,
            "location": "eastus2",
            "mac_address": "60-45-BD-BC-02-D2",
            "name": "nic-vm-lnx1",
            "private_ip_address": "10.0.1.4",
            "private_ip_addresses": [
              "10.0.1.4"
            ],
            "resource_group_name": "rg-igorminsait",
            "tags": {},
            "timeouts": null,
            "virtual_machine_id": "/subscriptions/d60869a4-5d4a-4ff5-88a1-01c2f0e2f51d/resourceGroups/rg-igorminsait/providers/Microsoft.Compute/virtualMachines/vm-lnx1"
          },
          "sensitive_attributes": [],
          "private": "eyJlMmJmYjczMC1lY2FhLTExZTYtOGY4OC0zNDM2M2JjN2M0YzAiOnsiY3JlYXRlIjoxODAwMDAwMDAwMDAwLCJkZWxldGUiOjE4MDAwMDAwMDAwMDAsInJlYWQiOjMwMDAwMDAwMDAwMCwidXBkYXRlIjoxODAwMDAwMDAwMDAwfX0=",
          "dependencies": [
            "azurerm_public_ip.pip",
            "azurerm_resource_group.rg",
            "azurerm_subnet.subnet",
            "azurerm_virtual_network.vnet"
          ]
        }
      ]
    },
    {
      "mode": "managed",
      "type": "azurerm_network_security_group",
      "name": "nsgTeste",
      "provider": "provider[\"registry.terraform.io/hashicorp/azurerm\"]",
      "instances": [
        {
          "schema_version": 0,
          "attributes": {
            "id": "/subscriptions/d60869a4-5d4a-4ff5-88a1-01c2f0e2f51d/resourceGroups/rg-igorminsait/providers/Microsoft.Network/networkSecurityGroups/nsg-teste1",
            "location": "eastus2",
            "name": "nsg-teste1",
            "resource_group_name": "rg-igorminsait",
            "security_rule": [
              {
                "access": "Allow",
                "description": "",
                "destination_address_prefix": "*",
                "destination_address_prefixes": [],
                "destination_application_security_group_ids": [],
                "destination_port_range": "22",
                "destination_port_ranges": [],
                "direction": "Inbound",
                "name": "Allow-SSH",
                "priority": 100,
                "protocol": "Tcp",
                "source_address_prefix": "*",
                "source_address_prefixes": [],
                "source_application_security_group_ids": [],
                "source_port_range": "*",
                "source_port_ranges": []
              }
            ],
            "tags": {},
            "timeouts": null
          },
          "sensitive_attributes": [],
          "private": "eyJlMmJmYjczMC1lY2FhLTExZTYtOGY4OC0zNDM2M2JjN2M0YzAiOnsiY3JlYXRlIjoxODAwMDAwMDAwMDAwLCJkZWxldGUiOjE4MDAwMDAwMDAwMDAsInJlYWQiOjMwMDAwMDAwMDAwMCwidXBkYXRlIjoxODAwMDAwMDAwMDAwfX0=",
          "dependencies": [
            "azurerm_resource_group.rg"
          ]
        }
      ]
    },
    {
      "mode": "managed",
      "type": "azurerm_network_security_rule",
      "name": "allow_ssh",
      "provider": "provider[\"registry.terraform.io/hashicorp/azurerm\"]",
      "instances": [
        {
          "schema_version": 0,
          "attributes": {
            "access": "Allow",
            "description": "",
            "destination_address_prefix": "*",
            "destination_address_prefixes": [],
            "destination_application_security_group_ids": [],
            "destination_port_range": "22",
            "destination_port_ranges": [],
            "direction": "Inbound",
            "id": "/subscriptions/d60869a4-5d4a-4ff5-88a1-01c2f0e2f51d/resourceGroups/rg-igorminsait/providers/Microsoft.Network/networkSecurityGroups/nsg-teste1/securityRules/Allow-SSH",
            "name": "Allow-SSH",
            "network_security_group_name": "nsg-teste1",
            "priority": 100,
            "protocol": "Tcp",
            "resource_group_name": "rg-igorminsait",
            "source_address_prefix": "*",
            "source_address_prefixes": [],
            "source_application_security_group_ids": [],
            "source_port_range": "*",
            "source_port_ranges": [],
            "timeouts": null
          },
          "sensitive_attributes": [],
          "private": "eyJlMmJmYjczMC1lY2FhLTExZTYtOGY4OC0zNDM2M2JjN2M0YzAiOnsiY3JlYXRlIjoxODAwMDAwMDAwMDAwLCJkZWxldGUiOjE4MDAwMDAwMDAwMDAsInJlYWQiOjMwMDAwMDAwMDAwMCwidXBkYXRlIjoxODAwMDAwMDAwMDAwfX0=",
          "dependencies": [
            "azurerm_network_security_group.nsgTeste",
            "azurerm_resource_group.rg"
          ]
        }
      ]
    },
    {
      "mode": "managed",
      "type": "azurerm_public_ip",
      "name": "pip",
      "provider": "provider[\"registry.terraform.io/hashicorp/azurerm\"]",
      "instances": [
        {
          "schema_version": 0,
          "attributes": {
            "allocation_method": "Dynamic",
            "ddos_protection_mode": "VirtualNetworkInherited",
            "ddos_protection_plan_id": null,
            "domain_name_label": null,
            "edge_zone": "",
            "fqdn": null,
            "id": "/subscriptions/d60869a4-5d4a-4ff5-88a1-01c2f0e2f51d/resourceGroups/rg-igorminsait/providers/Microsoft.Network/publicIPAddresses/pip-vmwin01",
            "idle_timeout_in_minutes": 4,
            "ip_address": "20.15.117.201",
            "ip_tags": {},
            "ip_version": "IPv4",
            "location": "eastus2",
            "name": "pip-vmwin01",
            "public_ip_prefix_id": null,
            "resource_group_name": "rg-igorminsait",
            "reverse_fqdn": null,
            "sku": "Basic",
            "sku_tier": "Regional",
            "tags": {},
            "timeouts": null,
            "zones": []
          },
          "sensitive_attributes": [],
          "private": "eyJlMmJmYjczMC1lY2FhLTExZTYtOGY4OC0zNDM2M2JjN2M0YzAiOnsiY3JlYXRlIjoxODAwMDAwMDAwMDAwLCJkZWxldGUiOjE4MDAwMDAwMDAwMDAsInJlYWQiOjMwMDAwMDAwMDAwMCwidXBkYXRlIjoxODAwMDAwMDAwMDAwfX0=",
          "dependencies": [
            "azurerm_resource_group.rg"
          ]
        }
      ]
    },
    {
      "mode": "managed",
      "type": "azurerm_resource_group",
      "name": "rg",
      "provider": "provider[\"registry.terraform.io/hashicorp/azurerm\"]",
      "instances": [
        {
          "schema_version": 0,
          "attributes": {
            "id": "/subscriptions/d60869a4-5d4a-4ff5-88a1-01c2f0e2f51d/resourceGroups/rg-igorminsait",
            "location": "eastus2",
            "managed_by": "",
            "name": "rg-igorminsait",
            "tags": {},
            "timeouts": null
          },
          "sensitive_attributes": [],
          "private": "eyJlMmJmYjczMC1lY2FhLTExZTYtOGY4OC0zNDM2M2JjN2M0YzAiOnsiY3JlYXRlIjo1NDAwMDAwMDAwMDAwLCJkZWxldGUiOjU0MDAwMDAwMDAwMDAsInJlYWQiOjMwMDAwMDAwMDAwMCwidXBkYXRlIjo1NDAwMDAwMDAwMDAwfX0="
        }
      ]
    },
    {
      "mode": "managed",
      "type": "azurerm_subnet",
      "name": "subnet",
      "provider": "provider[\"registry.terraform.io/hashicorp/azurerm\"]",
      "instances": [
        {
          "schema_version": 0,
          "attributes": {
            "address_prefixes": [
              "10.0.1.0/24"
            ],
            "default_outbound_access_enabled": true,
            "delegation": [],
            "enforce_private_link_endpoint_network_policies": false,
            "enforce_private_link_service_network_policies": false,
            "id": "/subscriptions/d60869a4-5d4a-4ff5-88a1-01c2f0e2f51d/resourceGroups/rg-igorminsait/providers/Microsoft.Network/virtualNetworks/vnet/subnets/subnet",
            "name": "subnet",
            "private_endpoint_network_policies": "Enabled",
            "private_endpoint_network_policies_enabled": true,
            "private_link_service_network_policies_enabled": true,
            "resource_group_name": "rg-igorminsait",
            "service_endpoint_policy_ids": [],
            "service_endpoints": [],
            "timeouts": null,
            "virtual_network_name": "vnet"
          },
          "sensitive_attributes": [],
          "private": "eyJlMmJmYjczMC1lY2FhLTExZTYtOGY4OC0zNDM2M2JjN2M0YzAiOnsiY3JlYXRlIjoxODAwMDAwMDAwMDAwLCJkZWxldGUiOjE4MDAwMDAwMDAwMDAsInJlYWQiOjMwMDAwMDAwMDAwMCwidXBkYXRlIjoxODAwMDAwMDAwMDAwfX0=",
          "dependencies": [
            "azurerm_resource_group.rg",
            "azurerm_virtual_network.vnet"
          ]
        }
      ]
    },
    {
      "mode": "managed",
      "type": "azurerm_subnet_network_security_group_association",
      "name": "nsg01",
      "provider": "provider[\"registry.terraform.io/hashicorp/azurerm\"]",
      "instances": [
        {
          "schema_version": 0,
          "attributes": {
            "id": "/subscriptions/d60869a4-5d4a-4ff5-88a1-01c2f0e2f51d/resourceGroups/rg-igorminsait/providers/Microsoft.Network/virtualNetworks/vnet/subnets/subnet",
            "network_security_group_id": "/subscriptions/d60869a4-5d4a-4ff5-88a1-01c2f0e2f51d/resourceGroups/rg-igorminsait/providers/Microsoft.Network/networkSecurityGroups/nsg-teste1",
            "subnet_id": "/subscriptions/d60869a4-5d4a-4ff5-88a1-01c2f0e2f51d/resourceGroups/rg-igorminsait/providers/Microsoft.Network/virtualNetworks/vnet/subnets/subnet",
            "timeouts": null
          },
          "sensitive_attributes": [],
          "private": "eyJlMmJmYjczMC1lY2FhLTExZTYtOGY4OC0zNDM2M2JjN2M0YzAiOnsiY3JlYXRlIjoxODAwMDAwMDAwMDAwLCJkZWxldGUiOjE4MDAwMDAwMDAwMDAsInJlYWQiOjMwMDAwMDAwMDAwMH19",
          "dependencies": [
            "azurerm_network_security_group.nsgTeste",
            "azurerm_resource_group.rg",
            "azurerm_subnet.subnet",
            "azurerm_virtual_network.vnet"
          ]
        }
      ]
    },
    {
      "mode": "managed",
      "type": "azurerm_virtual_network",
      "name": "vnet",
      "provider": "provider[\"registry.terraform.io/hashicorp/azurerm\"]",
      "instances": [
        {
          "schema_version": 0,
          "attributes": {
            "address_space": [
              "10.0.0.0/16"
            ],
            "bgp_community": "",
            "ddos_protection_plan": [],
            "dns_servers": [],
            "edge_zone": "",
            "encryption": [],
            "flow_timeout_in_minutes": 0,
            "guid": "75f6b688-6ac2-42c0-8312-b8b9a8aa09a1",
            "id": "/subscriptions/d60869a4-5d4a-4ff5-88a1-01c2f0e2f51d/resourceGroups/rg-igorminsait/providers/Microsoft.Network/virtualNetworks/vnet",
            "location": "eastus2",
            "name": "vnet",
            "resource_group_name": "rg-igorminsait",
            "subnet": [
              {
                "address_prefix": "10.0.1.0/24",
                "id": "/subscriptions/d60869a4-5d4a-4ff5-88a1-01c2f0e2f51d/resourceGroups/rg-igorminsait/providers/Microsoft.Network/virtualNetworks/vnet/subnets/subnet",
                "name": "subnet",
                "security_group": "/subscriptions/d60869a4-5d4a-4ff5-88a1-01c2f0e2f51d/resourceGroups/rg-igorminsait/providers/Microsoft.Network/networkSecurityGroups/nsg-teste1"
              }
            ],
            "tags": {},
            "timeouts": null
          },
          "sensitive_attributes": [],
          "private": "eyJlMmJmYjczMC1lY2FhLTExZTYtOGY4OC0zNDM2M2JjN2M0YzAiOnsiY3JlYXRlIjoxODAwMDAwMDAwMDAwLCJkZWxldGUiOjE4MDAwMDAwMDAwMDAsInJlYWQiOjMwMDAwMDAwMDAwMCwidXBkYXRlIjoxODAwMDAwMDAwMDAwfX0=",
          "dependencies": [
            "azurerm_resource_group.rg"
          ]
        }
      ]
    }
  ],
  "check_results": null
}
