{
  "version": 4,
  "terraform_version": "1.9.2",
  "serial": 72,
  "lineage": "4efc823b-a1d9-3066-6497-43a54a8f352a",
  "outputs": {},
  "resources": [
    {
      "mode": "managed",
      "type": "azurerm_linux_virtual_machine",
      "name": "vm1",
      "provider": "provider[\"registry.terraform.io/hashicorp/azurerm\"]",
      "instances": [
        {
          "schema_version": 0,
          "attributes": {
            "additional_capabilities": [],
            "admin_password": "Igor123.",
            "admin_ssh_key": [],
            "admin_username": "igorbeltrao",
            "allow_extension_operations": true,
            "availability_set_id": "",
            "boot_diagnostics": [],
            "bypass_platform_safety_checks_on_user_schedule_enabled": false,
            "capacity_reservation_group_id": "",
            "computer_name": "vm-lnx1",
            "custom_data": "IyBSZW1vdmVyIHZlcnPDtWVzIGFudGlnYXMgZG8gRG9ja2VyCnN1ZG8gYXB0LWdldCAteSByZW1vdmUgZG9ja2VyIGRvY2tlci1lbmdpbmUgZG9ja2VyLmlvCgojIEF0dWFsaXphciBwYWNvdGVzIGUgaW5zdGFsYXIgZGVwZW5kw6puY2lhcwpzdWRvIGFwdC1nZXQgdXBkYXRlCnN1ZG8gYXB0LWdldCBpbnN0YWxsIC15IGFwdC10cmFuc3BvcnQtaHR0cHMgY2EtY2VydGlmaWNhdGVzIHdnZXQgc29mdHdhcmUtcHJvcGVydGllcy1jb21tb24KCiMgQWRpY2lvbmFyIGNoYXZlIEdQRyBkbyBEb2NrZXIKd2dldCBodHRwczovL2Rvd25sb2FkLmRvY2tlci5jb20vbGludXgvZGViaWFuL2dwZwpzdWRvIGFwdC1rZXkgYWRkIGdwZwoKIyBBZGljaW9uYXIgcmVwb3NpdMOzcmlvIERvY2tlcgplY2hvICJkZWIgW2FyY2g9YW1kNjRdIGh0dHBzOi8vZG93bmxvYWQuZG9ja2VyLmNvbS9saW51eC9kZWJpYW4gJChsc2JfcmVsZWFzZSAtY3MpIHN0YWJsZSIgfCBzdWRvIHRlZSAtYSAvZXRjL2FwdC9zb3VyY2VzLmxpc3QuZC9kb2NrZXIubGlzdAoKIyBBdHVhbGl6YXIgbm92YW1lbnRlIGUgaW5zdGFsYXIgRG9ja2VyCnN1ZG8gYXB0LWdldCB1cGRhdGUKc3VkbyBhcHQtY2FjaGUgcG9saWN5IGRvY2tlci1jZQpzdWRvIGFwdC1nZXQgaW5zdGFsbCAteSBkb2NrZXItY2UKCiMgVmVyaWZpY2FyIHN0YXR1cyBkbyBEb2NrZXIKc3VkbyBzeXN0ZW1jdGwgc3RhdHVzIGRvY2tlcgoKIyBBZGljaW9uYXIgbyB1c3XDoXJpbyBhdHVhbCBhbyBncnVwbyBkb2NrZXIKc3VkbyB1c2VybW9kIC1hRyBkb2NrZXIgJCh3aG9hbWkpCgojIERvY2tlciBDb21wb3NlCnN1ZG8gY3VybCAtbyAvdXNyL2xvY2FsL2Jpbi9kb2NrZXItY29tcG9zZSAtTCAiaHR0cHM6Ly9naXRodWIuY29tL2RvY2tlci9jb21wb3NlL3JlbGVhc2VzL2Rvd25sb2FkLzEuMTcuMS9kb2NrZXItY29tcG9zZS0kKHVuYW1lIC1zKS0kKHVuYW1lIC1tKSIKc3VkbyBjaG1vZCAreCAvdXNyL2xvY2FsL2Jpbi9kb2NrZXItY29tcG9zZQoKIyBWZXJpZmljYXIgYSB2ZXJzw6NvIGRvIERvY2tlciBDb21wb3NlCmRvY2tlci1jb21wb3NlIC12CgojIFN1YmlyIG8gY29udGFpbmVyIGRvIE15U1FMCnN1ZG8gZG9ja2VyIHJ1biAtLW5hbWUgbXlzcWwgXAogIC1lIE1ZU1FMX1JPT1RfUEFTU1dPUkQ9cm9vdCBcCiAgLWUgTVlTUUxfREFUQUJBU0U9bWluc2FpdGRhdGFiYXNlIFwKICAtZSBNWVNRTF9VU0VSPWlnb3JtaW5zYWl0ZXIgXAogIC1lIE1ZU1FMX1BBU1NXT1JEPW1pbnNhaXQxMjMgXAogIC1wIDMzMDY6MzMwNiBcCiAgLWQgbXlzcWw6NS43CgojIEVzcGVyYXIgYXTDqSBxdWUgbyBNeVNRTCBlc3RlamEgcHJvbnRvCmVjaG8gIkVzcGVyYW5kbyBvIE15U1FMIGluaWNpYWxpemFyLi4uIgp1bnRpbCBzdWRvIGRvY2tlciBleGVjIG15c3FsIG15c3FsYWRtaW4gcGluZyAtLXNpbGVudDsgZG8KICBzbGVlcCA1CmRvbmUKCiMgU3ViaXIgbyBjb250YWluZXIgZG8gV29yZFByZXNzCnN1ZG8gZG9ja2VyIHJ1biAtLW5hbWUgd29yZHByZXNzIFwKICAtLWxpbmsgbXlzcWw6bXlzcWwgXAogIC1lIFdPUkRQUkVTU19EQl9IT1NUPW15c3FsIFwKICAtZSBXT1JEUFJFU1NfREJfVVNFUj1pZ29ybWluc2FpdGVyIFwKICAtZSBXT1JEUFJFU1NfREJfUEFTU1dPUkQ9bWluc2FpdDEyMyBcCiAgLWUgV09SRFBSRVNTX0RCX05BTUU9bWluc2FpdGRhdGFiYXNlIFwKICAtcCA4MDo4MCBcCiAgLWQgd29yZHByZXNzCg==",
            "dedicated_host_group_id": "",
            "dedicated_host_id": "",
            "disable_password_authentication": false,
            "disk_controller_type": "",
            "edge_zone": "",
            "encryption_at_host_enabled": false,
            "eviction_policy": "",
            "extensions_time_budget": "PT1H30M",
            "gallery_application": [],
            "id": "/subscriptions/d60869a4-5d4a-4ff5-88a1-01c2f0e2f51d/resourceGroups/rg-igorminsait/providers/Microsoft.Compute/virtualMachines/vm-lnx1",
            "identity": [],
            "license_type": "",
            "location": "eastus2",
            "max_bid_price": -1,
            "name": "vm-lnx1",
            "network_interface_ids": [
              "/subscriptions/d60869a4-5d4a-4ff5-88a1-01c2f0e2f51d/resourceGroups/rg-igorminsait/providers/Microsoft.Network/networkInterfaces/nic-vm-lnx1"
            ],
            "os_disk": [
              {
                "caching": "ReadWrite",
                "diff_disk_settings": [],
                "disk_encryption_set_id": "",
                "disk_size_gb": 30,
                "name": "vm-lnx1_OsDisk_1_fec5a474d8304d62ae14234319da1d7e",
                "secure_vm_disk_encryption_set_id": "",
                "security_encryption_type": "",
                "storage_account_type": "Standard_LRS",
                "write_accelerator_enabled": false
              }
            ],
            "os_image_notification": [],
            "patch_assessment_mode": "ImageDefault",
            "patch_mode": "ImageDefault",
            "plan": [],
            "platform_fault_domain": -1,
            "priority": "Regular",
            "private_ip_address": "10.0.1.4",
            "private_ip_addresses": [
              "10.0.1.4"
            ],
            "provision_vm_agent": true,
            "proximity_placement_group_id": "",
            "public_ip_address": "172.172.62.116",
            "public_ip_addresses": [
              "172.172.62.116"
            ],
            "reboot_setting": "",
            "resource_group_name": "rg-igorminsait",
            "secret": [],
            "secure_boot_enabled": false,
            "size": "Standard_F2",
            "source_image_id": "",
            "source_image_reference": [
              {
                "offer": "0001-com-ubuntu-server-jammy",
                "publisher": "Canonical",
                "sku": "22_04-lts",
                "version": "latest"
              }
            ],
            "tags": {
              "environment": "Terraform"
            },
            "termination_notification": null,
            "timeouts": null,
            "user_data": "",
            "virtual_machine_id": "db9b2378-d4b7-4419-98ce-be05fb0572a1",
            "virtual_machine_scale_set_id": "",
            "vm_agent_platform_updates_enabled": false,
            "vtpm_enabled": false,
            "zone": ""
          },
          "sensitive_attributes": [
            [
              {
                "type": "get_attr",
                "value": "admin_password"
              }
            ],
            [
              {
                "type": "get_attr",
                "value": "custom_data"
              }
            ]
          ],
          "private": "eyJlMmJmYjczMC1lY2FhLTExZTYtOGY4OC0zNDM2M2JjN2M0YzAiOnsiY3JlYXRlIjoyNzAwMDAwMDAwMDAwLCJkZWxldGUiOjI3MDAwMDAwMDAwMDAsInJlYWQiOjMwMDAwMDAwMDAwMCwidXBkYXRlIjoyNzAwMDAwMDAwMDAwfX0=",
          "dependencies": [
            "azurerm_network_interface.vnic",
            "azurerm_public_ip.pip",
            "azurerm_resource_group.rg",
            "azurerm_subnet.subnet",
            "azurerm_virtual_network.vnet"
          ]
        }
      ]
    },
    {
      "mode": "managed",
      "type": "azurerm_network_interface",
      "name": "vnic",
      "provider": "provider[\"registry.terraform.io/hashicorp/azurerm\"]",
      "instances": [
        {
          "schema_version": 0,
          "attributes": {
            "accelerated_networking_enabled": false,
            "applied_dns_servers": [],
            "auxiliary_mode": "",
            "auxiliary_sku": "",
            "dns_servers": [],
            "edge_zone": "",
            "enable_accelerated_networking": false,
            "enable_ip_forwarding": false,
            "id": "/subscriptions/d60869a4-5d4a-4ff5-88a1-01c2f0e2f51d/resourceGroups/rg-igorminsait/providers/Microsoft.Network/networkInterfaces/nic-vm-lnx1",
            "internal_dns_name_label": "",
            "internal_domain_name_suffix": "ztwzwu3zhxzu3aqr0h3b2fjpdd.cx.internal.cloudapp.net",
            "ip_configuration": [
              {
                "gateway_load_balancer_frontend_ip_configuration_id": "",
                "name": "internal",
                "primary": true,
                "private_ip_address": "10.0.1.4",
                "private_ip_address_allocation": "Dynamic",
                "private_ip_address_version": "IPv4",
                "public_ip_address_id": "/subscriptions/d60869a4-5d4a-4ff5-88a1-01c2f0e2f51d/resourceGroups/rg-igorminsait/providers/Microsoft.Network/publicIPAddresses/pip-vmwin01",
                "subnet_id": "/subscriptions/d60869a4-5d4a-4ff5-88a1-01c2f0e2f51d/resourceGroups/rg-igorminsait/providers/Microsoft.Network/virtualNetworks/vnet/subnets/subnet"
              }
            ],
            "ip_forwarding_enabled": false,
            "location": "eastus2",
            "mac_address": "",
            "name": "nic-vm-lnx1",
            "private_ip_address": "10.0.1.4",
            "private_ip_addresses": [
              "10.0.1.4"
            ],
            "resource_group_name": "rg-igorminsait",
            "tags": null,
            "timeouts": null,
            "virtual_machine_id": ""
          },
          "sensitive_attributes": [],
          "private": "eyJlMmJmYjczMC1lY2FhLTExZTYtOGY4OC0zNDM2M2JjN2M0YzAiOnsiY3JlYXRlIjoxODAwMDAwMDAwMDAwLCJkZWxldGUiOjE4MDAwMDAwMDAwMDAsInJlYWQiOjMwMDAwMDAwMDAwMCwidXBkYXRlIjoxODAwMDAwMDAwMDAwfX0=",
          "dependencies": [
            "azurerm_public_ip.pip",
            "azurerm_resource_group.rg",
            "azurerm_subnet.subnet",
            "azurerm_virtual_network.vnet"
          ]
        }
      ]
    },
    {
      "mode": "managed",
      "type": "azurerm_network_security_group",
      "name": "nsgTeste",
      "provider": "provider[\"registry.terraform.io/hashicorp/azurerm\"]",
      "instances": [
        {
          "schema_version": 0,
          "attributes": {
            "id": "/subscriptions/d60869a4-5d4a-4ff5-88a1-01c2f0e2f51d/resourceGroups/rg-igorminsait/providers/Microsoft.Network/networkSecurityGroups/nsg-teste1",
            "location": "eastus2",
            "name": "nsg-teste1",
            "resource_group_name": "rg-igorminsait",
            "security_rule": [],
            "tags": null,
            "timeouts": null
          },
          "sensitive_attributes": [],
          "private": "eyJlMmJmYjczMC1lY2FhLTExZTYtOGY4OC0zNDM2M2JjN2M0YzAiOnsiY3JlYXRlIjoxODAwMDAwMDAwMDAwLCJkZWxldGUiOjE4MDAwMDAwMDAwMDAsInJlYWQiOjMwMDAwMDAwMDAwMCwidXBkYXRlIjoxODAwMDAwMDAwMDAwfX0=",
          "dependencies": [
            "azurerm_resource_group.rg"
          ]
        }
      ]
    },
    {
      "mode": "managed",
      "type": "azurerm_network_security_rule",
      "name": "allow_ssh",
      "provider": "provider[\"registry.terraform.io/hashicorp/azurerm\"]",
      "instances": [
        {
          "schema_version": 0,
          "attributes": {
            "access": "Allow",
            "description": "",
            "destination_address_prefix": "*",
            "destination_address_prefixes": null,
            "destination_application_security_group_ids": null,
            "destination_port_range": "22",
            "destination_port_ranges": null,
            "direction": "Inbound",
            "id": "/subscriptions/d60869a4-5d4a-4ff5-88a1-01c2f0e2f51d/resourceGroups/rg-igorminsait/providers/Microsoft.Network/networkSecurityGroups/nsg-teste1/securityRules/Allow-SSH",
            "name": "Allow-SSH",
            "network_security_group_name": "nsg-teste1",
            "priority": 100,
            "protocol": "Tcp",
            "resource_group_name": "rg-igorminsait",
            "source_address_prefix": "*",
            "source_address_prefixes": null,
            "source_application_security_group_ids": null,
            "source_port_range": "*",
            "source_port_ranges": null,
            "timeouts": null
          },
          "sensitive_attributes": [],
          "private": "eyJlMmJmYjczMC1lY2FhLTExZTYtOGY4OC0zNDM2M2JjN2M0YzAiOnsiY3JlYXRlIjoxODAwMDAwMDAwMDAwLCJkZWxldGUiOjE4MDAwMDAwMDAwMDAsInJlYWQiOjMwMDAwMDAwMDAwMCwidXBkYXRlIjoxODAwMDAwMDAwMDAwfX0=",
          "dependencies": [
            "azurerm_network_security_group.nsgTeste",
            "azurerm_resource_group.rg"
          ]
        }
      ]
    },
    {
      "mode": "managed",
      "type": "azurerm_public_ip",
      "name": "pip",
      "provider": "provider[\"registry.terraform.io/hashicorp/azurerm\"]",
      "instances": [
        {
          "schema_version": 0,
          "attributes": {
            "allocation_method": "Dynamic",
            "ddos_protection_mode": "VirtualNetworkInherited",
            "ddos_protection_plan_id": null,
            "domain_name_label": null,
            "edge_zone": "",
            "fqdn": null,
            "id": "/subscriptions/d60869a4-5d4a-4ff5-88a1-01c2f0e2f51d/resourceGroups/rg-igorminsait/providers/Microsoft.Network/publicIPAddresses/pip-vmwin01",
            "idle_timeout_in_minutes": 4,
            "ip_address": "",
            "ip_tags": null,
            "ip_version": "IPv4",
            "location": "eastus2",
            "name": "pip-vmwin01",
            "public_ip_prefix_id": null,
            "resource_group_name": "rg-igorminsait",
            "reverse_fqdn": null,
            "sku": "Basic",
            "sku_tier": "Regional",
            "tags": null,
            "timeouts": null,
            "zones": null
          },
          "sensitive_attributes": [],
          "private": "eyJlMmJmYjczMC1lY2FhLTExZTYtOGY4OC0zNDM2M2JjN2M0YzAiOnsiY3JlYXRlIjoxODAwMDAwMDAwMDAwLCJkZWxldGUiOjE4MDAwMDAwMDAwMDAsInJlYWQiOjMwMDAwMDAwMDAwMCwidXBkYXRlIjoxODAwMDAwMDAwMDAwfX0=",
          "dependencies": [
            "azurerm_resource_group.rg"
          ]
        }
      ]
    },
    {
      "mode": "managed",
      "type": "azurerm_resource_group",
      "name": "rg",
      "provider": "provider[\"registry.terraform.io/hashicorp/azurerm\"]",
      "instances": [
        {
          "schema_version": 0,
          "attributes": {
            "id": "/subscriptions/d60869a4-5d4a-4ff5-88a1-01c2f0e2f51d/resourceGroups/rg-igorminsait",
            "location": "eastus2",
            "managed_by": "",
            "name": "rg-igorminsait",
            "tags": {},
            "timeouts": null
          },
          "sensitive_attributes": [],
          "private": "eyJlMmJmYjczMC1lY2FhLTExZTYtOGY4OC0zNDM2M2JjN2M0YzAiOnsiY3JlYXRlIjo1NDAwMDAwMDAwMDAwLCJkZWxldGUiOjU0MDAwMDAwMDAwMDAsInJlYWQiOjMwMDAwMDAwMDAwMCwidXBkYXRlIjo1NDAwMDAwMDAwMDAwfX0="
        }
      ]
    },
    {
      "mode": "managed",
      "type": "azurerm_subnet",
      "name": "subnet",
      "provider": "provider[\"registry.terraform.io/hashicorp/azurerm\"]",
      "instances": [
        {
          "schema_version": 0,
          "attributes": {
            "address_prefixes": [
              "10.0.1.0/24"
            ],
            "default_outbound_access_enabled": true,
            "delegation": [],
            "enforce_private_link_endpoint_network_policies": false,
            "enforce_private_link_service_network_policies": false,
            "id": "/subscriptions/d60869a4-5d4a-4ff5-88a1-01c2f0e2f51d/resourceGroups/rg-igorminsait/providers/Microsoft.Network/virtualNetworks/vnet/subnets/subnet",
            "name": "subnet",
            "private_endpoint_network_policies": "Enabled",
            "private_endpoint_network_policies_enabled": true,
            "private_link_service_network_policies_enabled": true,
            "resource_group_name": "rg-igorminsait",
            "service_endpoint_policy_ids": null,
            "service_endpoints": null,
            "timeouts": null,
            "virtual_network_name": "vnet"
          },
          "sensitive_attributes": [],
          "private": "eyJlMmJmYjczMC1lY2FhLTExZTYtOGY4OC0zNDM2M2JjN2M0YzAiOnsiY3JlYXRlIjoxODAwMDAwMDAwMDAwLCJkZWxldGUiOjE4MDAwMDAwMDAwMDAsInJlYWQiOjMwMDAwMDAwMDAwMCwidXBkYXRlIjoxODAwMDAwMDAwMDAwfX0=",
          "dependencies": [
            "azurerm_resource_group.rg",
            "azurerm_virtual_network.vnet"
          ]
        }
      ]
    },
    {
      "mode": "managed",
      "type": "azurerm_subnet_network_security_group_association",
      "name": "nsg01",
      "provider": "provider[\"registry.terraform.io/hashicorp/azurerm\"]",
      "instances": [
        {
          "schema_version": 0,
          "attributes": {
            "id": "/subscriptions/d60869a4-5d4a-4ff5-88a1-01c2f0e2f51d/resourceGroups/rg-igorminsait/providers/Microsoft.Network/virtualNetworks/vnet/subnets/subnet",
            "network_security_group_id": "/subscriptions/d60869a4-5d4a-4ff5-88a1-01c2f0e2f51d/resourceGroups/rg-igorminsait/providers/Microsoft.Network/networkSecurityGroups/nsg-teste1",
            "subnet_id": "/subscriptions/d60869a4-5d4a-4ff5-88a1-01c2f0e2f51d/resourceGroups/rg-igorminsait/providers/Microsoft.Network/virtualNetworks/vnet/subnets/subnet",
            "timeouts": null
          },
          "sensitive_attributes": [],
          "private": "eyJlMmJmYjczMC1lY2FhLTExZTYtOGY4OC0zNDM2M2JjN2M0YzAiOnsiY3JlYXRlIjoxODAwMDAwMDAwMDAwLCJkZWxldGUiOjE4MDAwMDAwMDAwMDAsInJlYWQiOjMwMDAwMDAwMDAwMH19",
          "dependencies": [
            "azurerm_network_security_group.nsgTeste",
            "azurerm_resource_group.rg",
            "azurerm_subnet.subnet",
            "azurerm_virtual_network.vnet"
          ]
        }
      ]
    },
    {
      "mode": "managed",
      "type": "azurerm_virtual_network",
      "name": "vnet",
      "provider": "provider[\"registry.terraform.io/hashicorp/azurerm\"]",
      "instances": [
        {
          "schema_version": 0,
          "attributes": {
            "address_space": [
              "10.0.0.0/16"
            ],
            "bgp_community": "",
            "ddos_protection_plan": [],
            "dns_servers": [],
            "edge_zone": "",
            "encryption": [],
            "flow_timeout_in_minutes": 0,
            "guid": "539bedcc-3db9-4ef3-8211-d1fa1e152f1b",
            "id": "/subscriptions/d60869a4-5d4a-4ff5-88a1-01c2f0e2f51d/resourceGroups/rg-igorminsait/providers/Microsoft.Network/virtualNetworks/vnet",
            "location": "eastus2",
            "name": "vnet",
            "resource_group_name": "rg-igorminsait",
            "subnet": [],
            "tags": null,
            "timeouts": null
          },
          "sensitive_attributes": [],
          "private": "eyJlMmJmYjczMC1lY2FhLTExZTYtOGY4OC0zNDM2M2JjN2M0YzAiOnsiY3JlYXRlIjoxODAwMDAwMDAwMDAwLCJkZWxldGUiOjE4MDAwMDAwMDAwMDAsInJlYWQiOjMwMDAwMDAwMDAwMCwidXBkYXRlIjoxODAwMDAwMDAwMDAwfX0=",
          "dependencies": [
            "azurerm_resource_group.rg"
          ]
        }
      ]
    }
  ],
  "check_results": null
}
